{
  "requires": true,
  "lockfileVersion": 1,
  "dependencies": {
    "@fortawesome/fontawesome-common-types": {
      "version": "0.2.12",
      "resolved": "https://registry.npmjs.org/@fortawesome/fontawesome-common-types/-/fontawesome-common-types-0.2.12.tgz",
      "integrity": "sha512-ISLNpEx6fhJTYYkvBeo/4DHeL5EIA+VybJoOOnH67m6uXt6V6VFizdEN4qchHagNIeZfzI0LnA22gk0wbVPv/g=="
    },
    "@fortawesome/fontawesome-svg-core": {
      "version": "1.2.12",
      "resolved": "https://registry.npmjs.org/@fortawesome/fontawesome-svg-core/-/fontawesome-svg-core-1.2.12.tgz",
      "integrity": "sha512-cqTfa3vZ+Z9UYQnmLfCOwyLnf0Xcoxkmm/BSaI29Yikzu9zIeD4es7lBZMDqLOXYSEQC+rCr8caxFlGJcJVA+w==",
      "requires": {
        "@fortawesome/fontawesome-common-types": "0.2.12"
      }
    },
    "@fortawesome/free-solid-svg-icons": {
      "version": "5.6.3",
      "resolved": "https://registry.npmjs.org/@fortawesome/free-solid-svg-icons/-/free-solid-svg-icons-5.6.3.tgz",
      "integrity": "sha512-ld8Gfp1KrncOpFRheThUDlD6/Ro9ZJGqfCEMXlO/x1Cg7ltLc5iYDG7yxDowLcmFY2BGSmxIIU3ZMW5FVTrfwQ==",
      "requires": {
        "@fortawesome/fontawesome-common-types": "0.2.12"
      }
    },
    "@fortawesome/vue-fontawesome": {
      "version": "0.1.4",
      "resolved": "https://registry.npmjs.org/@fortawesome/vue-fontawesome/-/vue-fontawesome-0.1.4.tgz",
      "integrity": "sha512-FRdY+VXpMFHY1jD508rwn3k/7Cd0nYK8reksaC2jAEIF3/mwAKx7GrefbV1apb81Lz36bT8iYus9Q/ZvP+AuCA=="
    },
    "vuex": {
      "version": "3.0.1",
      "resolved": "https://registry.npmjs.org/vuex/-/vuex-3.0.1.tgz",
      "integrity": "sha512-wLoqz0B7DSZtgbWL1ShIBBCjv22GV5U+vcBFox658g6V0s4wZV9P4YjCNyoHSyIBpj1f29JBoNQIqD82cR4O3w=="
    }
  }
}
